# auto-generated by grc.converter

id: nrsc5_sis_encoder
label: SIS & SIG encoder
category: '[NRSC-5]'

parameters:
-   id: mode
    label: Mode
    dtype: enum
    options: [nrsc5.pids_mode.FM, nrsc5.pids_mode.AM]
    option_labels: ["FM", "AM"]
-   id: short_name
    label: Station name
    dtype: string
    default: ABCD
-   id: slogan
    label: Slogan
    dtype: string
    default: "This is ABCD-FM"
-   id: message
    label: Message
    dtype: string
    default: "Generated by GNU Radio"
-   id: num_programs
    label: Programs
    dtype: int
    default: 1
    options: [1, 2, 3, 4, 5, 6, 7, 8]
-   id: program0
    label: Program 0 type
    dtype: enum
    options: [nrsc5.program_type.UNDEFINED, nrsc5.program_type.NEWS, nrsc5.program_type.INFORMATION, nrsc5.program_type.SPORTS, nrsc5.program_type.TALK, nrsc5.program_type.ROCK, nrsc5.program_type.CLASSIC_ROCK, nrsc5.program_type.ADULT_HITS, nrsc5.program_type.SOFT_ROCK, nrsc5.program_type.TOP_40, nrsc5.program_type.COUNTRY, nrsc5.program_type.OLDIES, nrsc5.program_type.SOFT, nrsc5.program_type.NOSTALGIA, nrsc5.program_type.JAZZ, nrsc5.program_type.CLASSICAL, nrsc5.program_type.RHYTHM_AND_BLUES, nrsc5.program_type.SOFT_RHYTHM_AND_BLUES, nrsc5.program_type.FOREIGN_LANGUAGE, nrsc5.program_type.RELIGIOUS_MUSIC, nrsc5.program_type.RELIGIOUS_TALK, nrsc5.program_type.PERSONALITY, nrsc5.program_type.PUBLIC, nrsc5.program_type.COLLEGE, nrsc5.program_type.SPANISH_TALK, nrsc5.program_type.SPANISH_MUSIC, nrsc5.program_type.HIP_HOP, nrsc5.program_type.WEATHER, nrsc5.program_type.EMERGENCY_TEST, nrsc5.program_type.EMERGENCY, nrsc5.program_type.TRAFFIC, nrsc5.program_type.SPECIAL_READING_SERVICES]
    option_labels: ["None", "News", "Information", "Sports", "Talk", "Rock", "Classic Rock", "Adult Hits", "Soft Rock", "Top 40", "Country", "Oldies", "Soft", "Nostalgia", "Jazz", "Classical", "Rhythm and Blues", "Soft Rhythm and Blues", "Foreign Language", "Religious Music", "Religious Talk", "Personality", "Public", "College", "Spanish Talk", "Spanish Music", "Hip-Hop", "Weather", "Emergency Test", "Emergency", "Traffic", "Special Reading Services"]
    default: nrsc5.program_type.NEWS
    hide: part
-   id: program1
    label: Program 1 type
    dtype: enum
    options: [nrsc5.program_type.UNDEFINED, nrsc5.program_type.NEWS, nrsc5.program_type.INFORMATION, nrsc5.program_type.SPORTS, nrsc5.program_type.TALK, nrsc5.program_type.ROCK, nrsc5.program_type.CLASSIC_ROCK, nrsc5.program_type.ADULT_HITS, nrsc5.program_type.SOFT_ROCK, nrsc5.program_type.TOP_40, nrsc5.program_type.COUNTRY, nrsc5.program_type.OLDIES, nrsc5.program_type.SOFT, nrsc5.program_type.NOSTALGIA, nrsc5.program_type.JAZZ, nrsc5.program_type.CLASSICAL, nrsc5.program_type.RHYTHM_AND_BLUES, nrsc5.program_type.SOFT_RHYTHM_AND_BLUES, nrsc5.program_type.FOREIGN_LANGUAGE, nrsc5.program_type.RELIGIOUS_MUSIC, nrsc5.program_type.RELIGIOUS_TALK, nrsc5.program_type.PERSONALITY, nrsc5.program_type.PUBLIC, nrsc5.program_type.COLLEGE, nrsc5.program_type.SPANISH_TALK, nrsc5.program_type.SPANISH_MUSIC, nrsc5.program_type.HIP_HOP, nrsc5.program_type.WEATHER, nrsc5.program_type.EMERGENCY_TEST, nrsc5.program_type.EMERGENCY, nrsc5.program_type.TRAFFIC, nrsc5.program_type.SPECIAL_READING_SERVICES]
    option_labels: ["None", "News", "Information", "Sports", "Talk", "Rock", "Classic Rock", "Adult Hits", "Soft Rock", "Top 40", "Country", "Oldies", "Soft", "Nostalgia", "Jazz", "Classical", "Rhythm and Blues", "Soft Rhythm and Blues", "Foreign Language", "Religious Music", "Religious Talk", "Personality", "Public", "College", "Spanish Talk", "Spanish Music", "Hip-Hop", "Weather", "Emergency Test", "Emergency", "Traffic", "Special Reading Services"]
    default: nrsc5.program_type.NEWS
    hide: ${ ('part' if num_programs >= 2 else 'all') }
-   id: program2
    label: Program 2 type
    dtype: enum
    options: [nrsc5.program_type.UNDEFINED, nrsc5.program_type.NEWS, nrsc5.program_type.INFORMATION, nrsc5.program_type.SPORTS, nrsc5.program_type.TALK, nrsc5.program_type.ROCK, nrsc5.program_type.CLASSIC_ROCK, nrsc5.program_type.ADULT_HITS, nrsc5.program_type.SOFT_ROCK, nrsc5.program_type.TOP_40, nrsc5.program_type.COUNTRY, nrsc5.program_type.OLDIES, nrsc5.program_type.SOFT, nrsc5.program_type.NOSTALGIA, nrsc5.program_type.JAZZ, nrsc5.program_type.CLASSICAL, nrsc5.program_type.RHYTHM_AND_BLUES, nrsc5.program_type.SOFT_RHYTHM_AND_BLUES, nrsc5.program_type.FOREIGN_LANGUAGE, nrsc5.program_type.RELIGIOUS_MUSIC, nrsc5.program_type.RELIGIOUS_TALK, nrsc5.program_type.PERSONALITY, nrsc5.program_type.PUBLIC, nrsc5.program_type.COLLEGE, nrsc5.program_type.SPANISH_TALK, nrsc5.program_type.SPANISH_MUSIC, nrsc5.program_type.HIP_HOP, nrsc5.program_type.WEATHER, nrsc5.program_type.EMERGENCY_TEST, nrsc5.program_type.EMERGENCY, nrsc5.program_type.TRAFFIC, nrsc5.program_type.SPECIAL_READING_SERVICES]
    option_labels: ["None", "News", "Information", "Sports", "Talk", "Rock", "Classic Rock", "Adult Hits", "Soft Rock", "Top 40", "Country", "Oldies", "Soft", "Nostalgia", "Jazz", "Classical", "Rhythm and Blues", "Soft Rhythm and Blues", "Foreign Language", "Religious Music", "Religious Talk", "Personality", "Public", "College", "Spanish Talk", "Spanish Music", "Hip-Hop", "Weather", "Emergency Test", "Emergency", "Traffic", "Special Reading Services"]
    default: nrsc5.program_type.NEWS
    hide: ${ ('part' if num_programs >= 3 else 'all') }
-   id: program3
    label: Program 3 type
    dtype: enum
    options: [nrsc5.program_type.UNDEFINED, nrsc5.program_type.NEWS, nrsc5.program_type.INFORMATION, nrsc5.program_type.SPORTS, nrsc5.program_type.TALK, nrsc5.program_type.ROCK, nrsc5.program_type.CLASSIC_ROCK, nrsc5.program_type.ADULT_HITS, nrsc5.program_type.SOFT_ROCK, nrsc5.program_type.TOP_40, nrsc5.program_type.COUNTRY, nrsc5.program_type.OLDIES, nrsc5.program_type.SOFT, nrsc5.program_type.NOSTALGIA, nrsc5.program_type.JAZZ, nrsc5.program_type.CLASSICAL, nrsc5.program_type.RHYTHM_AND_BLUES, nrsc5.program_type.SOFT_RHYTHM_AND_BLUES, nrsc5.program_type.FOREIGN_LANGUAGE, nrsc5.program_type.RELIGIOUS_MUSIC, nrsc5.program_type.RELIGIOUS_TALK, nrsc5.program_type.PERSONALITY, nrsc5.program_type.PUBLIC, nrsc5.program_type.COLLEGE, nrsc5.program_type.SPANISH_TALK, nrsc5.program_type.SPANISH_MUSIC, nrsc5.program_type.HIP_HOP, nrsc5.program_type.WEATHER, nrsc5.program_type.EMERGENCY_TEST, nrsc5.program_type.EMERGENCY, nrsc5.program_type.TRAFFIC, nrsc5.program_type.SPECIAL_READING_SERVICES]
    option_labels: ["None", "News", "Information", "Sports", "Talk", "Rock", "Classic Rock", "Adult Hits", "Soft Rock", "Top 40", "Country", "Oldies", "Soft", "Nostalgia", "Jazz", "Classical", "Rhythm and Blues", "Soft Rhythm and Blues", "Foreign Language", "Religious Music", "Religious Talk", "Personality", "Public", "College", "Spanish Talk", "Spanish Music", "Hip-Hop", "Weather", "Emergency Test", "Emergency", "Traffic", "Special Reading Services"]
    default: nrsc5.program_type.NEWS
    hide: ${ ('part' if num_programs >= 4 else 'all') }
-   id: program4
    label: Program 4 type
    dtype: enum
    options: [nrsc5.program_type.UNDEFINED, nrsc5.program_type.NEWS, nrsc5.program_type.INFORMATION, nrsc5.program_type.SPORTS, nrsc5.program_type.TALK, nrsc5.program_type.ROCK, nrsc5.program_type.CLASSIC_ROCK, nrsc5.program_type.ADULT_HITS, nrsc5.program_type.SOFT_ROCK, nrsc5.program_type.TOP_40, nrsc5.program_type.COUNTRY, nrsc5.program_type.OLDIES, nrsc5.program_type.SOFT, nrsc5.program_type.NOSTALGIA, nrsc5.program_type.JAZZ, nrsc5.program_type.CLASSICAL, nrsc5.program_type.RHYTHM_AND_BLUES, nrsc5.program_type.SOFT_RHYTHM_AND_BLUES, nrsc5.program_type.FOREIGN_LANGUAGE, nrsc5.program_type.RELIGIOUS_MUSIC, nrsc5.program_type.RELIGIOUS_TALK, nrsc5.program_type.PERSONALITY, nrsc5.program_type.PUBLIC, nrsc5.program_type.COLLEGE, nrsc5.program_type.SPANISH_TALK, nrsc5.program_type.SPANISH_MUSIC, nrsc5.program_type.HIP_HOP, nrsc5.program_type.WEATHER, nrsc5.program_type.EMERGENCY_TEST, nrsc5.program_type.EMERGENCY, nrsc5.program_type.TRAFFIC, nrsc5.program_type.SPECIAL_READING_SERVICES]
    option_labels: ["None", "News", "Information", "Sports", "Talk", "Rock", "Classic Rock", "Adult Hits", "Soft Rock", "Top 40", "Country", "Oldies", "Soft", "Nostalgia", "Jazz", "Classical", "Rhythm and Blues", "Soft Rhythm and Blues", "Foreign Language", "Religious Music", "Religious Talk", "Personality", "Public", "College", "Spanish Talk", "Spanish Music", "Hip-Hop", "Weather", "Emergency Test", "Emergency", "Traffic", "Special Reading Services"]
    default: nrsc5.program_type.NEWS
    hide: ${ ('part' if num_programs >= 5 else 'all') }
-   id: program5
    label: Program 5 type
    dtype: enum
    options: [nrsc5.program_type.UNDEFINED, nrsc5.program_type.NEWS, nrsc5.program_type.INFORMATION, nrsc5.program_type.SPORTS, nrsc5.program_type.TALK, nrsc5.program_type.ROCK, nrsc5.program_type.CLASSIC_ROCK, nrsc5.program_type.ADULT_HITS, nrsc5.program_type.SOFT_ROCK, nrsc5.program_type.TOP_40, nrsc5.program_type.COUNTRY, nrsc5.program_type.OLDIES, nrsc5.program_type.SOFT, nrsc5.program_type.NOSTALGIA, nrsc5.program_type.JAZZ, nrsc5.program_type.CLASSICAL, nrsc5.program_type.RHYTHM_AND_BLUES, nrsc5.program_type.SOFT_RHYTHM_AND_BLUES, nrsc5.program_type.FOREIGN_LANGUAGE, nrsc5.program_type.RELIGIOUS_MUSIC, nrsc5.program_type.RELIGIOUS_TALK, nrsc5.program_type.PERSONALITY, nrsc5.program_type.PUBLIC, nrsc5.program_type.COLLEGE, nrsc5.program_type.SPANISH_TALK, nrsc5.program_type.SPANISH_MUSIC, nrsc5.program_type.HIP_HOP, nrsc5.program_type.WEATHER, nrsc5.program_type.EMERGENCY_TEST, nrsc5.program_type.EMERGENCY, nrsc5.program_type.TRAFFIC, nrsc5.program_type.SPECIAL_READING_SERVICES]
    option_labels: ["None", "News", "Information", "Sports", "Talk", "Rock", "Classic Rock", "Adult Hits", "Soft Rock", "Top 40", "Country", "Oldies", "Soft", "Nostalgia", "Jazz", "Classical", "Rhythm and Blues", "Soft Rhythm and Blues", "Foreign Language", "Religious Music", "Religious Talk", "Personality", "Public", "College", "Spanish Talk", "Spanish Music", "Hip-Hop", "Weather", "Emergency Test", "Emergency", "Traffic", "Special Reading Services"]
    default: nrsc5.program_type.NEWS
    hide: ${ ('part' if num_programs >= 6 else 'all') }
-   id: program6
    label: Program 6 type
    dtype: enum
    options: [nrsc5.program_type.UNDEFINED, nrsc5.program_type.NEWS, nrsc5.program_type.INFORMATION, nrsc5.program_type.SPORTS, nrsc5.program_type.TALK, nrsc5.program_type.ROCK, nrsc5.program_type.CLASSIC_ROCK, nrsc5.program_type.ADULT_HITS, nrsc5.program_type.SOFT_ROCK, nrsc5.program_type.TOP_40, nrsc5.program_type.COUNTRY, nrsc5.program_type.OLDIES, nrsc5.program_type.SOFT, nrsc5.program_type.NOSTALGIA, nrsc5.program_type.JAZZ, nrsc5.program_type.CLASSICAL, nrsc5.program_type.RHYTHM_AND_BLUES, nrsc5.program_type.SOFT_RHYTHM_AND_BLUES, nrsc5.program_type.FOREIGN_LANGUAGE, nrsc5.program_type.RELIGIOUS_MUSIC, nrsc5.program_type.RELIGIOUS_TALK, nrsc5.program_type.PERSONALITY, nrsc5.program_type.PUBLIC, nrsc5.program_type.COLLEGE, nrsc5.program_type.SPANISH_TALK, nrsc5.program_type.SPANISH_MUSIC, nrsc5.program_type.HIP_HOP, nrsc5.program_type.WEATHER, nrsc5.program_type.EMERGENCY_TEST, nrsc5.program_type.EMERGENCY, nrsc5.program_type.TRAFFIC, nrsc5.program_type.SPECIAL_READING_SERVICES]
    option_labels: ["None", "News", "Information", "Sports", "Talk", "Rock", "Classic Rock", "Adult Hits", "Soft Rock", "Top 40", "Country", "Oldies", "Soft", "Nostalgia", "Jazz", "Classical", "Rhythm and Blues", "Soft Rhythm and Blues", "Foreign Language", "Religious Music", "Religious Talk", "Personality", "Public", "College", "Spanish Talk", "Spanish Music", "Hip-Hop", "Weather", "Emergency Test", "Emergency", "Traffic", "Special Reading Services"]
    default: nrsc5.program_type.NEWS
    hide: ${ ('part' if num_programs >= 7 else 'all') }
-   id: program7
    label: Program 7 type
    dtype: enum
    options: [nrsc5.program_type.UNDEFINED, nrsc5.program_type.NEWS, nrsc5.program_type.INFORMATION, nrsc5.program_type.SPORTS, nrsc5.program_type.TALK, nrsc5.program_type.ROCK, nrsc5.program_type.CLASSIC_ROCK, nrsc5.program_type.ADULT_HITS, nrsc5.program_type.SOFT_ROCK, nrsc5.program_type.TOP_40, nrsc5.program_type.COUNTRY, nrsc5.program_type.OLDIES, nrsc5.program_type.SOFT, nrsc5.program_type.NOSTALGIA, nrsc5.program_type.JAZZ, nrsc5.program_type.CLASSICAL, nrsc5.program_type.RHYTHM_AND_BLUES, nrsc5.program_type.SOFT_RHYTHM_AND_BLUES, nrsc5.program_type.FOREIGN_LANGUAGE, nrsc5.program_type.RELIGIOUS_MUSIC, nrsc5.program_type.RELIGIOUS_TALK, nrsc5.program_type.PERSONALITY, nrsc5.program_type.PUBLIC, nrsc5.program_type.COLLEGE, nrsc5.program_type.SPANISH_TALK, nrsc5.program_type.SPANISH_MUSIC, nrsc5.program_type.HIP_HOP, nrsc5.program_type.WEATHER, nrsc5.program_type.EMERGENCY_TEST, nrsc5.program_type.EMERGENCY, nrsc5.program_type.TRAFFIC, nrsc5.program_type.SPECIAL_READING_SERVICES]
    option_labels: ["None", "News", "Information", "Sports", "Talk", "Rock", "Classic Rock", "Adult Hits", "Soft Rock", "Top 40", "Country", "Oldies", "Soft", "Nostalgia", "Jazz", "Classical", "Rhythm and Blues", "Soft Rhythm and Blues", "Foreign Language", "Religious Music", "Religious Talk", "Personality", "Public", "College", "Spanish Talk", "Spanish Music", "Hip-Hop", "Weather", "Emergency Test", "Emergency", "Traffic", "Special Reading Services"]
    default: nrsc5.program_type.NEWS
    hide: ${ ('part' if num_programs >= 8 else 'all') }
-   id: latitude
    label: Latitude
    dtype: real
    default: 40.6892
    hide: part
-   id: longitude
    label: Longitude
    dtype: real
    default: -74.0445
    hide: part
-   id: altitude
    label: Altitude
    dtype: real
    default: 93.0
    hide: part
-   id: country_code
    label: Country code
    dtype: string
    default: US
    hide: part
-   id: fcc_facility_id
    label: FCC facility ID
    dtype: int
    default: 0
    hide: part

inputs:
-   domain: message
    id: ready
    optional: true

outputs:
-   domain: message
    id: aas
    optional: true
-   label: pids
    domain: stream
    dtype: byte
    vlen: 80
asserts:
-   ${ len(slogan) <= 95 }
-   ${ len(message) <= 190 }
-   ${ 1 <= num_programs <= 8 }
-   ${ -90 <= latitude <= 90 }
-   ${ -180 <= longitude <= 180 }
-   ${ len(country_code) == 2 }

templates:
    imports: import nrsc5
    make: nrsc5.sis_encoder(mode=${mode}, short_name=${short_name}, slogan=${slogan}, message=${message}, program_types=[${program0}${ ', '+program1 if int(num_programs) >= 2 else '' }${ ', '+program2 if int(num_programs) >= 3 else '' }${ ', '+program3 if int(num_programs) >= 4 else '' }${ ', '+program4 if int(num_programs) >= 5 else '' }${ ', '+program5 if int(num_programs) >= 6 else '' }${ ', '+program6 if int(num_programs) >= 7 else '' }${ ', '+program7 if int(num_programs) >= 8 else '' }], latitude=${latitude}, longitude=${longitude}, altitude=${altitude}, country_code=${country_code}, fcc_facility_id=${fcc_facility_id})

file_format: 1
